
Microsoft Visual Studio Solution File, Format Version 12.00
# Visual Studio Version 16
VisualStudioVersion = 16.0.29920.165
MinimumVisualStudioVersion = 10.0.40219.1
Project("{9A19103F-16F7-4668-BE54-9A1E7A4F7556}") = "Parser", "Parser.csproj", "{7B9F1D2E-A2E2-4C85-83C5-2FA9ADDD143B}"
EndProject
Project("{2150E333-8FDC-42A3-9474-1A3956D46DE8}") = "Solution Items", "Solution Items", "{39970002-CB84-4D41-8938-7DB2FC0CC43F}"
	ProjectSection(SolutionItems) = preProject
		.editorconfig = .editorconfig
	EndProjectSection
EndProject
Global
	GlobalSection(SolutionConfigurationPlatforms) = preSolution
		Debug|Any CPU = Debug|Any CPU
		Debug|x64 = Debug|x64
		Release|Any CPU = Release|Any CPU
		Release|x64 = Release|x64
	EndGlobalSection
	GlobalSection(ProjectConfigurationPlatforms) = postSolution
		{7B9F1D2E-A2E2-4C85-83C5-2FA9ADDD143B}.Debug|Any CPU.ActiveCfg = Debug|Any CPU
		{7B9F1D2E-A2E2-4C85-83C5-2FA9ADDD143B}.Debug|Any CPU.Build.0 = Debug|Any CPU
		{7B9F1D2E-A2E2-4C85-83C5-2FA9ADDD143B}.Debug|x64.ActiveCfg = Debug|x64
		{7B9F1D2E-A2E2-4C85-83C5-2FA9ADDD143B}.Debug|x64.Build.0 = Debug|x64
		{7B9F1D2E-A2E2-4C85-83C5-2FA9ADDD143B}.Release|Any CPU.ActiveCfg = Release|Any CPU
		{7B9F1D2E-A2E2-4C85-83C5-2FA9ADDD143B}.Release|Any CPU.Build.0 = Release|Any CPU
		{7B9F1D2E-A2E2-4C85-83C5-2FA9ADDD143B}.Release|x64.ActiveCfg = Release|x64
		{7B9F1D2E-A2E2-4C85-83C5-2FA9ADDD143B}.Release|x64.Build.0 = Release|x64
	EndGlobalSection
	GlobalSection(SolutionProperties) = preSolution
		HideSolutionNode = FALSE
	EndGlobalSection
	GlobalSection(ExtensibilityGlobals) = postSolution
		SolutionGuid = {4247EA30-385F-4B98-B392-2644FF1AB251}
	EndGlobalSection
EndGlobal
